
Microsoft Visual Studio Solution File, Format Version 12.00
# Visual Studio Version 17
VisualStudioVersion = 17.1.32328.378
MinimumVisualStudioVersion = 10.0.40219.1
Project("{9A19103F-16F7-4668-BE54-9A1E7A4F7556}") = "Day33_ADO.Net_Intro", "Day33_ADO.Net_Intro\Day33_ADO.Net_Intro.csproj", "{50CB4C50-5EC1-4F10-80E2-AE7E44374C0E}"
EndProject
Project("{FAE04EC0-301F-11D3-BF4B-00C04F79EFBC}") = "EmployeePayrollServiceTestforSQLservice", "EmployeePayrollServiceTestforSQLservice\EmployeePayrollServiceTestforSQLservice.csproj", "{91FE8D03-4FE8-40FA-B94D-0A5526180408}"
EndProject
Global
	GlobalSection(SolutionConfigurationPlatforms) = preSolution
		Debug|Any CPU = Debug|Any CPU
		Release|Any CPU = Release|Any CPU
	EndGlobalSection
	GlobalSection(ProjectConfigurationPlatforms) = postSolution
		{50CB4C50-5EC1-4F10-80E2-AE7E44374C0E}.Debug|Any CPU.ActiveCfg = Debug|Any CPU
		{50CB4C50-5EC1-4F10-80E2-AE7E44374C0E}.Debug|Any CPU.Build.0 = Debug|Any CPU
		{50CB4C50-5EC1-4F10-80E2-AE7E44374C0E}.Release|Any CPU.ActiveCfg = Release|Any CPU
		{50CB4C50-5EC1-4F10-80E2-AE7E44374C0E}.Release|Any CPU.Build.0 = Release|Any CPU
		{91FE8D03-4FE8-40FA-B94D-0A5526180408}.Debug|Any CPU.ActiveCfg = Debug|Any CPU
		{91FE8D03-4FE8-40FA-B94D-0A5526180408}.Debug|Any CPU.Build.0 = Debug|Any CPU
		{91FE8D03-4FE8-40FA-B94D-0A5526180408}.Release|Any CPU.ActiveCfg = Release|Any CPU
		{91FE8D03-4FE8-40FA-B94D-0A5526180408}.Release|Any CPU.Build.0 = Release|Any CPU
	EndGlobalSection
	GlobalSection(SolutionProperties) = preSolution
		HideSolutionNode = FALSE
	EndGlobalSection
	GlobalSection(ExtensibilityGlobals) = postSolution
		SolutionGuid = {5769AFD1-7582-4747-8102-E46C55FF07AE}
	EndGlobalSection
EndGlobal
